// !$*UTF8*$!
{
	archiveVersion = 1;
	classes = {
	};
	objectVersion = 48;
	objects = {

/* Begin PBXBuildFile section */
		F5F17E8BB8A68BAD4DEA3874 /* Pods_TumblrFeed.framework in Frameworks */ = {isa = PBXBuildFile; fileRef = 9166DE540DABFBCBAE4695A3 /* Pods_TumblrFeed.framework */; };
		FB0C794B1FC38456000EA856 /* FullScreenPhotoViewController.swift in Sources */ = {isa = PBXBuildFile; fileRef = FB0C794A1FC38456000EA856 /* FullScreenPhotoViewController.swift */; };
		FB0C794D1FC778CB000EA856 /* InfiniteScrollActivityView.swift in Sources */ = {isa = PBXBuildFile; fileRef = FB0C794C1FC778CB000EA856 /* InfiniteScrollActivityView.swift */; };
		FB205C211FBA271500B55DDA /* PhotoCell.swift in Sources */ = {isa = PBXBuildFile; fileRef = FB205C201FBA271500B55DDA /* PhotoCell.swift */; };
		FBFF45F11FB78B3D00EA412A /* AppDelegate.swift in Sources */ = {isa = PBXBuildFile; fileRef = FBFF45F01FB78B3D00EA412A /* AppDelegate.swift */; };
		FBFF45F61FB78B3D00EA412A /* Main.storyboard in Resources */ = {isa = PBXBuildFile; fileRef = FBFF45F41FB78B3D00EA412A /* Main.storyboard */; };
		FBFF45F81FB78B3D00EA412A /* Assets.xcassets in Resources */ = {isa = PBXBuildFile; fileRef = FBFF45F71FB78B3D00EA412A /* Assets.xcassets */; };
		FBFF45FB1FB78B3D00EA412A /* LaunchScreen.storyboard in Resources */ = {isa = PBXBuildFile; fileRef = FBFF45F91FB78B3D00EA412A /* LaunchScreen.storyboard */; };
		FBFF46061FB78B3F00EA412A /* TumblrFeedTests.swift in Sources */ = {isa = PBXBuildFile; fileRef = FBFF46051FB78B3F00EA412A /* TumblrFeedTests.swift */; };
		FBFF46111FB78B3F00EA412A /* TumblrFeedUITests.swift in Sources */ = {isa = PBXBuildFile; fileRef = FBFF46101FB78B3F00EA412A /* TumblrFeedUITests.swift */; };
		FBFF461F1FB78E2100EA412A /* PhotosViewController.swift in Sources */ = {isa = PBXBuildFile; fileRef = FBFF461E1FB78E2100EA412A /* PhotosViewController.swift */; };
		FBFF46231FB7995D00EA412A /* DetailViewController.swift in Sources */ = {isa = PBXBuildFile; fileRef = FBFF46221FB7995D00EA412A /* DetailViewController.swift */; };
/* End PBXBuildFile section */

/* Begin PBXContainerItemProxy section */
		FBFF46021FB78B3F00EA412A /* PBXContainerItemProxy */ = {
			isa = PBXContainerItemProxy;
			containerPortal = FBFF45E51FB78B3D00EA412A /* Project object */;
			proxyType = 1;
			remoteGlobalIDString = FBFF45EC1FB78B3D00EA412A;
			remoteInfo = TumblrFeed;
		};
		FBFF460D1FB78B3F00EA412A /* PBXContainerItemProxy */ = {
			isa = PBXContainerItemProxy;
			containerPortal = FBFF45E51FB78B3D00EA412A /* Project object */;
			proxyType = 1;
			remoteGlobalIDString = FBFF45EC1FB78B3D00EA412A;
			remoteInfo = TumblrFeed;
		};
/* End PBXContainerItemProxy section */

/* Begin PBXFileReference section */
		09D5C970A32CEC2D70F7B263 /* Pods_TumblrFeedTests.framework */ = {isa = PBXFileReference; explicitFileType = wrapper.framework; includeInIndex = 0; path = Pods_TumblrFeedTests.framework; sourceTree = BUILT_PRODUCTS_DIR; };
		1D0DDF2694DEC868DB9613C4 /* Pods-TumblrFeed.debug.xcconfig */ = {isa = PBXFileReference; includeInIndex = 1; lastKnownFileType = text.xcconfig; name = "Pods-TumblrFeed.debug.xcconfig"; path = "Pods/Target Support Files/Pods-TumblrFeed/Pods-TumblrFeed.debug.xcconfig"; sourceTree = "<group>"; };
		1E23A8E974301C5C71ACCA70 /* Pods_TumblrFeedUITests.framework */ = {isa = PBXFileReference; explicitFileType = wrapper.framework; includeInIndex = 0; path = Pods_TumblrFeedUITests.framework; sourceTree = BUILT_PRODUCTS_DIR; };
		6AB99EB204090967E8453F85 /* Pods-TumblrFeed.release.xcconfig */ = {isa = PBXFileReference; includeInIndex = 1; lastKnownFileType = text.xcconfig; name = "Pods-TumblrFeed.release.xcconfig"; path = "Pods/Target Support Files/Pods-TumblrFeed/Pods-TumblrFeed.release.xcconfig"; sourceTree = "<group>"; };
		9166DE540DABFBCBAE4695A3 /* Pods_TumblrFeed.framework */ = {isa = PBXFileReference; explicitFileType = wrapper.framework; includeInIndex = 0; path = Pods_TumblrFeed.framework; sourceTree = BUILT_PRODUCTS_DIR; };
		FB0C794A1FC38456000EA856 /* FullScreenPhotoViewController.swift */ = {isa = PBXFileReference; lastKnownFileType = sourcecode.swift; path = FullScreenPhotoViewController.swift; sourceTree = "<group>"; };
		FB0C794C1FC778CB000EA856 /* InfiniteScrollActivityView.swift */ = {isa = PBXFileReference; lastKnownFileType = sourcecode.swift; path = InfiniteScrollActivityView.swift; sourceTree = "<group>"; };
		FB205C201FBA271500B55DDA /* PhotoCell.swift */ = {isa = PBXFileReference; lastKnownFileType = sourcecode.swift; path = PhotoCell.swift; sourceTree = "<group>"; };
		FBFF45ED1FB78B3D00EA412A /* TumblrFeed.app */ = {isa = PBXFileReference; explicitFileType = wrapper.application; includeInIndex = 0; path = TumblrFeed.app; sourceTree = BUILT_PRODUCTS_DIR; };
		FBFF45F01FB78B3D00EA412A /* AppDelegate.swift */ = {isa = PBXFileReference; lastKnownFileType = sourcecode.swift; path = AppDelegate.swift; sourceTree = "<group>"; };
		FBFF45F51FB78B3D00EA412A /* Base */ = {isa = PBXFileReference; lastKnownFileType = file.storyboard; name = Base; path = Base.lproj/Main.storyboard; sourceTree = "<group>"; };
		FBFF45F71FB78B3D00EA412A /* Assets.xcassets */ = {isa = PBXFileReference; lastKnownFileType = folder.assetcatalog; path = Assets.xcassets; sourceTree = "<group>"; };
		FBFF45FA1FB78B3D00EA412A /* Base */ = {isa = PBXFileReference; lastKnownFileType = file.storyboard; name = Base; path = Base.lproj/LaunchScreen.storyboard; sourceTree = "<group>"; };
		FBFF45FC1FB78B3D00EA412A /* Info.plist */ = {isa = PBXFileReference; lastKnownFileType = text.plist.xml; path = Info.plist; sourceTree = "<group>"; };
		FBFF46011FB78B3F00EA412A /* TumblrFeedTests.xctest */ = {isa = PBXFileReference; explicitFileType = wrapper.cfbundle; includeInIndex = 0; path = TumblrFeedTests.xctest; sourceTree = BUILT_PRODUCTS_DIR; };
		FBFF46051FB78B3F00EA412A /* TumblrFeedTests.swift */ = {isa = PBXFileReference; lastKnownFileType = sourcecode.swift; path = TumblrFeedTests.swift; sourceTree = "<group>"; };
		FBFF46071FB78B3F00EA412A /* Info.plist */ = {isa = PBXFileReference; lastKnownFileType = text.plist.xml; path = Info.plist; sourceTree = "<group>"; };
		FBFF460C1FB78B3F00EA412A /* TumblrFeedUITests.xctest */ = {isa = PBXFileReference; explicitFileType = wrapper.cfbundle; includeInIndex = 0; path = TumblrFeedUITests.xctest; sourceTree = BUILT_PRODUCTS_DIR; };
		FBFF46101FB78B3F00EA412A /* TumblrFeedUITests.swift */ = {isa = PBXFileReference; lastKnownFileType = sourcecode.swift; path = TumblrFeedUITests.swift; sourceTree = "<group>"; };
		FBFF46121FB78B3F00EA412A /* Info.plist */ = {isa = PBXFileReference; lastKnownFileType = text.plist.xml; path = Info.plist; sourceTree = "<group>"; };
		FBFF461E1FB78E2100EA412A /* PhotosViewController.swift */ = {isa = PBXFileReference; lastKnownFileType = sourcecode.swift; path = PhotosViewController.swift; sourceTree = "<group>"; };
		FBFF46221FB7995D00EA412A /* DetailViewController.swift */ = {isa = PBXFileReference; lastKnownFileType = sourcecode.swift; path = DetailViewController.swift; sourceTree = "<group>"; };
/* End PBXFileReference section */

/* Begin PBXFrameworksBuildPhase section */
		FBFF45EA1FB78B3D00EA412A /* Frameworks */ = {
			isa = PBXFrameworksBuildPhase;
			buildActionMask = 2147483647;
			files = (
				F5F17E8BB8A68BAD4DEA3874 /* Pods_TumblrFeed.framework in Frameworks */,
			);
			runOnlyForDeploymentPostprocessing = 0;
		};
		FBFF45FE1FB78B3F00EA412A /* Frameworks */ = {
			isa = PBXFrameworksBuildPhase;
			buildActionMask = 2147483647;
			files = (
			);
			runOnlyForDeploymentPostprocessing = 0;
		};
		FBFF46091FB78B3F00EA412A /* Frameworks */ = {
			isa = PBXFrameworksBuildPhase;
			buildActionMask = 2147483647;
			files = (
			);
			runOnlyForDeploymentPostprocessing = 0;
		};
/* End PBXFrameworksBuildPhase section */

/* Begin PBXGroup section */
		21391F62F29EAA59F7AD12ED /* Frameworks */ = {
			isa = PBXGroup;
			children = (
				9166DE540DABFBCBAE4695A3 /* Pods_TumblrFeed.framework */,
				09D5C970A32CEC2D70F7B263 /* Pods_TumblrFeedTests.framework */,
				1E23A8E974301C5C71ACCA70 /* Pods_TumblrFeedUITests.framework */,
			);
			name = Frameworks;
			sourceTree = "<group>";
		};
		41BA59E7C17F24ACCF816D0C /* Pods */ = {
			isa = PBXGroup;
			children = (
				1D0DDF2694DEC868DB9613C4 /* Pods-TumblrFeed.debug.xcconfig */,
				6AB99EB204090967E8453F85 /* Pods-TumblrFeed.release.xcconfig */,
			);
			name = Pods;
			sourceTree = "<group>";
		};
		FBFF45E41FB78B3D00EA412A = {
			isa = PBXGroup;
			children = (
				FBFF45EF1FB78B3D00EA412A /* TumblrFeed */,
				FBFF46041FB78B3F00EA412A /* TumblrFeedTests */,
				FBFF460F1FB78B3F00EA412A /* TumblrFeedUITests */,
				FBFF45EE1FB78B3D00EA412A /* Products */,
				41BA59E7C17F24ACCF816D0C /* Pods */,
				21391F62F29EAA59F7AD12ED /* Frameworks */,
			);
			sourceTree = "<group>";
		};
		FBFF45EE1FB78B3D00EA412A /* Products */ = {
			isa = PBXGroup;
			children = (
				FBFF45ED1FB78B3D00EA412A /* TumblrFeed.app */,
				FBFF46011FB78B3F00EA412A /* TumblrFeedTests.xctest */,
				FBFF460C1FB78B3F00EA412A /* TumblrFeedUITests.xctest */,
			);
			name = Products;
			sourceTree = "<group>";
		};
		FBFF45EF1FB78B3D00EA412A /* TumblrFeed */ = {
			isa = PBXGroup;
			children = (
				FBFF45F01FB78B3D00EA412A /* AppDelegate.swift */,
				FBFF45F41FB78B3D00EA412A /* Main.storyboard */,
				FBFF45F71FB78B3D00EA412A /* Assets.xcassets */,
				FBFF45F91FB78B3D00EA412A /* LaunchScreen.storyboard */,
				FBFF45FC1FB78B3D00EA412A /* Info.plist */,
				FBFF461E1FB78E2100EA412A /* PhotosViewController.swift */,
				FB205C201FBA271500B55DDA /* PhotoCell.swift */,
				FBFF46221FB7995D00EA412A /* DetailViewController.swift */,
				FB0C794A1FC38456000EA856 /* FullScreenPhotoViewController.swift */,
				FB0C794C1FC778CB000EA856 /* InfiniteScrollActivityView.swift */,
			);
			path = TumblrFeed;
			sourceTree = "<group>";
		};
		FBFF46041FB78B3F00EA412A /* TumblrFeedTests */ = {
			isa = PBXGroup;
			children = (
				FBFF46051FB78B3F00EA412A /* TumblrFeedTests.swift */,
				FBFF46071FB78B3F00EA412A /* Info.plist */,
			);
			path = TumblrFeedTests;
			sourceTree = "<group>";
		};
		FBFF460F1FB78B3F00EA412A /* TumblrFeedUITests */ = {
			isa = PBXGroup;
			children = (
				FBFF46101FB78B3F00EA412A /* TumblrFeedUITests.swift */,
				FBFF46121FB78B3F00EA412A /* Info.plist */,
			);
			path = TumblrFeedUITests;
			sourceTree = "<group>";
		};
/* End PBXGroup section */

/* Begin PBXNativeTarget section */
		FBFF45EC1FB78B3D00EA412A /* TumblrFeed */ = {
			isa = PBXNativeTarget;
			buildConfigurationList = FBFF46151FB78B3F00EA412A /* Build configuration list for PBXNativeTarget "TumblrFeed" */;
			buildPhases = (
				0DB64A48376AB7B0E982131C /* [CP] Check Pods Manifest.lock */,
				FBFF45E91FB78B3D00EA412A /* Sources */,
				FBFF45EA1FB78B3D00EA412A /* Frameworks */,
				FBFF45EB1FB78B3D00EA412A /* Resources */,
				4C685C1DA07987C9E0164D20 /* [CP] Embed Pods Frameworks */,
				95F3FFCDE371898D9F3DE716 /* [CP] Copy Pods Resources */,
			);
			buildRules = (
			);
			dependencies = (
			);
			name = TumblrFeed;
			productName = TumblrFeed;
			productReference = FBFF45ED1FB78B3D00EA412A /* TumblrFeed.app */;
			productType = "com.apple.product-type.application";
		};
		FBFF46001FB78B3F00EA412A /* TumblrFeedTests */ = {
			isa = PBXNativeTarget;
			buildConfigurationList = FBFF46181FB78B3F00EA412A /* Build configuration list for PBXNativeTarget "TumblrFeedTests" */;
			buildPhases = (
				FBFF45FD1FB78B3F00EA412A /* Sources */,
				FBFF45FE1FB78B3F00EA412A /* Frameworks */,
				FBFF45FF1FB78B3F00EA412A /* Resources */,
			);
			buildRules = (
			);
			dependencies = (
				FBFF46031FB78B3F00EA412A /* PBXTargetDependency */,
			);
			name = TumblrFeedTests;
			productName = TumblrFeedTests;
			productReference = FBFF46011FB78B3F00EA412A /* TumblrFeedTests.xctest */;
			productType = "com.apple.product-type.bundle.unit-test";
		};
		FBFF460B1FB78B3F00EA412A /* TumblrFeedUITests */ = {
			isa = PBXNativeTarget;
			buildConfigurationList = FBFF461B1FB78B3F00EA412A /* Build configuration list for PBXNativeTarget "TumblrFeedUITests" */;
			buildPhases = (
				FBFF46081FB78B3F00EA412A /* Sources */,
				FBFF46091FB78B3F00EA412A /* Frameworks */,
				FBFF460A1FB78B3F00EA412A /* Resources */,
			);
			buildRules = (
			);
			dependencies = (
				FBFF460E1FB78B3F00EA412A /* PBXTargetDependency */,
			);
			name = TumblrFeedUITests;
			productName = TumblrFeedUITests;
			productReference = FBFF460C1FB78B3F00EA412A /* TumblrFeedUITests.xctest */;
			productType = "com.apple.product-type.bundle.ui-testing";
		};
/* End PBXNativeTarget section */

/* Begin PBXProject section */
		FBFF45E51FB78B3D00EA412A /* Project object */ = {
			isa = PBXProject;
			attributes = {
				LastSwiftUpdateCheck = 0910;
				LastUpgradeCheck = 0910;
				ORGANIZATIONNAME = "Allison Reiss";
				TargetAttributes = {
					FBFF45EC1FB78B3D00EA412A = {
						CreatedOnToolsVersion = 9.1;
						ProvisioningStyle = Automatic;
					};
					FBFF46001FB78B3F00EA412A = {
						CreatedOnToolsVersion = 9.1;
						ProvisioningStyle = Automatic;
						TestTargetID = FBFF45EC1FB78B3D00EA412A;
					};
					FBFF460B1FB78B3F00EA412A = {
						CreatedOnToolsVersion = 9.1;
						ProvisioningStyle = Automatic;
						TestTargetID = FBFF45EC1FB78B3D00EA412A;
					};
				};
			};
			buildConfigurationList = FBFF45E81FB78B3D00EA412A /* Build configuration list for PBXProject "TumblrFeed" */;
			compatibilityVersion = "Xcode 8.0";
			developmentRegion = en;
			hasScannedForEncodings = 0;
			knownRegions = (
				en,
				Base,
			);
			mainGroup = FBFF45E41FB78B3D00EA412A;
			productRefGroup = FBFF45EE1FB78B3D00EA412A /* Products */;
			projectDirPath = "";
			projectRoot = "";
			targets = (
				FBFF45EC1FB78B3D00EA412A /* TumblrFeed */,
				FBFF46001FB78B3F00EA412A /* TumblrFeedTests */,
				FBFF460B1FB78B3F00EA412A /* TumblrFeedUITests */,
			);
		};
/* End PBXProject section */

/* Begin PBXResourcesBuildPhase section */
		FBFF45EB1FB78B3D00EA412A /* Resources */ = {
			isa = PBXResourcesBuildPhase;
			buildActionMask = 2147483647;
			files = (
				FBFF45FB1FB78B3D00EA412A /* LaunchScreen.storyboard in Resources */,
				FBFF45F81FB78B3D00EA412A /* Assets.xcassets in Resources */,
				FBFF45F61FB78B3D00EA412A /* Main.storyboard in Resources */,
			);
			runOnlyForDeploymentPostprocessing = 0;
		};
		FBFF45FF1FB78B3F00EA412A /* Resources */ = {
			isa = PBXResourcesBuildPhase;
			buildActionMask = 2147483647;
			files = (
			);
			runOnlyForDeploymentPostprocessing = 0;
		};
		FBFF460A1FB78B3F00EA412A /* Resources */ = {
			isa = PBXResourcesBuildPhase;
			buildActionMask = 2147483647;
			files = (
			);
			runOnlyForDeploymentPostprocessing = 0;
		};
/* End PBXResourcesBuildPhase section */

/* Begin PBXShellScriptBuildPhase section */
		0DB64A48376AB7B0E982131C /* [CP] Check Pods Manifest.lock */ = {
			isa = PBXShellScriptBuildPhase;
			buildActionMask = 2147483647;
			files = (
			);
			inputPaths = (
				"${PODS_PODFILE_DIR_PATH}/Podfile.lock",
				"${PODS_ROOT}/Manifest.lock",
			);
			name = "[CP] Check Pods Manifest.lock";
			outputPaths = (
				"$(DERIVED_FILE_DIR)/Pods-TumblrFeed-checkManifestLockResult.txt",
			);
			runOnlyForDeploymentPostprocessing = 0;
			shellPath = /bin/sh;
			shellScript = "diff \"${PODS_PODFILE_DIR_PATH}/Podfile.lock\" \"${PODS_ROOT}/Manifest.lock\" > /dev/null\nif [ $? != 0 ] ; then\n    # print error to STDERR\n    echo \"error: The sandbox is not in sync with the Podfile.lock. Run 'pod install' or update your CocoaPods installation.\" >&2\n    exit 1\nfi\n# This output is used by Xcode 'outputs' to avoid re-running this script phase.\necho \"SUCCESS\" > \"${SCRIPT_OUTPUT_FILE_0}\"\n";
			showEnvVarsInLog = 0;
		};
		4C685C1DA07987C9E0164D20 /* [CP] Embed Pods Frameworks */ = {
			isa = PBXShellScriptBuildPhase;
			buildActionMask = 2147483647;
			files = (
			);
			inputPaths = (
				"${SRCROOT}/Pods/Target Support Files/Pods-TumblrFeed/Pods-TumblrFeed-frameworks.sh",
				"${BUILT_PRODUCTS_DIR}/Alamofire/Alamofire.framework",
				"${BUILT_PRODUCTS_DIR}/AlamofireImage/AlamofireImage.framework",
			);
			name = "[CP] Embed Pods Frameworks";
			outputPaths = (
				"${TARGET_BUILD_DIR}/${FRAMEWORKS_FOLDER_PATH}/Alamofire.framework",
				"${TARGET_BUILD_DIR}/${FRAMEWORKS_FOLDER_PATH}/AlamofireImage.framework",
			);
			runOnlyForDeploymentPostprocessing = 0;
			shellPath = /bin/sh;
			shellScript = "\"${SRCROOT}/Pods/Target Support Files/Pods-TumblrFeed/Pods-TumblrFeed-frameworks.sh\"\n";
			showEnvVarsInLog = 0;
		};
		95F3FFCDE371898D9F3DE716 /* [CP] Copy Pods Resources */ = {
			isa = PBXShellScriptBuildPhase;
			buildActionMask = 2147483647;
			files = (
			);
			inputPaths = (
			);
			name = "[CP] Copy Pods Resources";
			outputPaths = (
			);
			runOnlyForDeploymentPostprocessing = 0;
			shellPath = /bin/sh;
			shellScript = "\"${SRCROOT}/Pods/Target Support Files/Pods-TumblrFeed/Pods-TumblrFeed-resources.sh\"\n";
			showEnvVarsInLog = 0;
		};
/* End PBXShellScriptBuildPhase section */

/* Begin PBXSourcesBuildPhase section */
		FBFF45E91FB78B3D00EA412A /* Sources */ = {
			isa = PBXSourcesBuildPhase;
			buildActionMask = 2147483647;
			files = (
				FB0C794D1FC778CB000EA856 /* InfiniteScrollActivityView.swift in Sources */,
				FBFF45F11FB78B3D00EA412A /* AppDelegate.swift in Sources */,
				FB205C211FBA271500B55DDA /* PhotoCell.swift in Sources */,
				FBFF461F1FB78E2100EA412A /* PhotosViewController.swift in Sources */,
				FBFF46231FB7995D00EA412A /* DetailViewController.swift in Sources */,
				FB0C794B1FC38456000EA856 /* FullScreenPhotoViewController.swift in Sources */,
			);
			runOnlyForDeploymentPostprocessing = 0;
		};
		FBFF45FD1FB78B3F00EA412A /* Sources */ = {
			isa = PBXSourcesBuildPhase;
			buildActionMask = 2147483647;
			files = (
				FBFF46061FB78B3F00EA412A /* TumblrFeedTests.swift in Sources */,
			);
			runOnlyForDeploymentPostprocessing = 0;
		};
		FBFF46081FB78B3F00EA412A /* Sources */ = {
			isa = PBXSourcesBuildPhase;
			buildActionMask = 2147483647;
			files = (
				FBFF46111FB78B3F00EA412A /* TumblrFeedUITests.swift in Sources */,
			);
			runOnlyForDeploymentPostprocessing = 0;
		};
/* End PBXSourcesBuildPhase section */

/* Begin PBXTargetDependency section */
		FBFF46031FB78B3F00EA412A /* PBXTargetDependency */ = {
			isa = PBXTargetDependency;
			target = FBFF45EC1FB78B3D00EA412A /* TumblrFeed */;
			targetProxy = FBFF46021FB78B3F00EA412A /* PBXContainerItemProxy */;
		};
		FBFF460E1FB78B3F00EA412A /* PBXTargetDependency */ = {
			isa = PBXTargetDependency;
			target = FBFF45EC1FB78B3D00EA412A /* TumblrFeed */;
			targetProxy = FBFF460D1FB78B3F00EA412A /* PBXContainerItemProxy */;
		};
/* End PBXTargetDependency section */

/* Begin PBXVariantGroup section */
		FBFF45F41FB78B3D00EA412A /* Main.storyboard */ = {
			isa = PBXVariantGroup;
			children = (
				FBFF45F51FB78B3D00EA412A /* Base */,
			);
			name = Main.storyboard;
			sourceTree = "<group>";
		};
		FBFF45F91FB78B3D00EA412A /* LaunchScreen.storyboard */ = {
			isa = PBXVariantGroup;
			children = (
				FBFF45FA1FB78B3D00EA412A /* Base */,
			);
			name = LaunchScreen.storyboard;
			sourceTree = "<group>";
		};
/* End PBXVariantGroup section */

/* Begin XCBuildConfiguration section */
		FBFF46131FB78B3F00EA412A /* Debug */ = {
			isa = XCBuildConfiguration;
			buildSettings = {
				ALWAYS_SEARCH_USER_PATHS = NO;
				CLANG_ANALYZER_NONNULL = YES;
				CLANG_ANALYZER_NUMBER_OBJECT_CONVERSION = YES_AGGRESSIVE;
				CLANG_CXX_LANGUAGE_STANDARD = "gnu++14";
				CLANG_CXX_LIBRARY = "libc++";
				CLANG_ENABLE_MODULES = YES;
				CLANG_ENABLE_OBJC_ARC = YES;
				CLANG_WARN_BLOCK_CAPTURE_AUTORELEASING = YES;
				CLANG_WARN_BOOL_CONVERSION = YES;
				CLANG_WARN_COMMA = YES;
				CLANG_WARN_CONSTANT_CONVERSION = YES;
				CLANG_WARN_DIRECT_OBJC_ISA_USAGE = YES_ERROR;
				CLANG_WARN_DOCUMENTATION_COMMENTS = YES;
				CLANG_WARN_EMPTY_BODY = YES;
				CLANG_WARN_ENUM_CONVERSION = YES;
				CLANG_WARN_INFINITE_RECURSION = YES;
				CLANG_WARN_INT_CONVERSION = YES;
				CLANG_WARN_NON_LITERAL_NULL_CONVERSION = YES;
				CLANG_WARN_OBJC_LITERAL_CONVERSION = YES;
				CLANG_WARN_OBJC_ROOT_CLASS = YES_ERROR;
				CLANG_WARN_RANGE_LOOP_ANALYSIS = YES;
				CLANG_WARN_STRICT_PROTOTYPES = YES;
				CLANG_WARN_SUSPICIOUS_MOVE = YES;
				CLANG_WARN_UNGUARDED_AVAILABILITY = YES_AGGRESSIVE;
				CLANG_WARN_UNREACHABLE_CODE = YES;
				CLANG_WARN__DUPLICATE_METHOD_MATCH = YES;
				CODE_SIGN_IDENTITY = "iPhone Developer";
				COPY_PHASE_STRIP = NO;
				DEBUG_INFORMATION_FORMAT = dwarf;
				ENABLE_STRICT_OBJC_MSGSEND = YES;
				ENABLE_TESTABILITY = YES;
				GCC_C_LANGUAGE_STANDARD = gnu11;
				GCC_DYNAMIC_NO_PIC = NO;
				GCC_NO_COMMON_BLOCKS = YES;
				GCC_OPTIMIZATION_LEVEL = 0;
				GCC_PREPROCESSOR_DEFINITIONS = (
					"DEBUG=1",
					"$(inherited)",
				);
				GCC_WARN_64_TO_32_BIT_CONVERSION = YES;
				GCC_WARN_ABOUT_RETURN_TYPE = YES_ERROR;
				GCC_WARN_UNDECLARED_SELECTOR = YES;
				GCC_WARN_UNINITIALIZED_AUTOS = YES_AGGRESSIVE;
				GCC_WARN_UNUSED_FUNCTION = YES;
				GCC_WARN_UNUSED_VARIABLE = YES;
				IPHONEOS_DEPLOYMENT_TARGET = 11.1;
				MTL_ENABLE_DEBUG_INFO = YES;
				ONLY_ACTIVE_ARCH = YES;
				SDKROOT = iphoneos;
				SWIFT_ACTIVE_COMPILATION_CONDITIONS = DEBUG;
				SWIFT_OPTIMIZATION_LEVEL = "-Onone";
			};
			name = Debug;
		};
		FBFF46141FB78B3F00EA412A /* Release */ = {
			isa = XCBuildConfiguration;
			buildSettings = {
				ALWAYS_SEARCH_USER_PATHS = NO;
				CLANG_ANALYZER_NONNULL = YES;
				CLANG_ANALYZER_NUMBER_OBJECT_CONVERSION = YES_AGGRESSIVE;
				CLANG_CXX_LANGUAGE_STANDARD = "gnu++14";
				CLANG_CXX_LIBRARY = "libc++";
				CLANG_ENABLE_MODULES = YES;
				CLANG_ENABLE_OBJC_ARC = YES;
				CLANG_WARN_BLOCK_CAPTURE_AUTORELEASING = YES;
				CLANG_WARN_BOOL_CONVERSION = YES;
				CLANG_WARN_COMMA = YES;
				CLANG_WARN_CONSTANT_CONVERSION = YES;
				CLANG_WARN_DIRECT_OBJC_ISA_USAGE = YES_ERROR;
				CLANG_WARN_DOCUMENTATION_COMMENTS = YES;
				CLANG_WARN_EMPTY_BODY = YES;
				CLANG_WARN_ENUM_CONVERSION = YES;
				CLANG_WARN_INFINITE_RECURSION = YES;
				CLANG_WARN_INT_CONVERSION = YES;
				CLANG_WARN_NON_LITERAL_NULL_CONVERSION = YES;
				CLANG_WARN_OBJC_LITERAL_CONVERSION = YES;
				CLANG_WARN_OBJC_ROOT_CLASS = YES_ERROR;
				CLANG_WARN_RANGE_LOOP_ANALYSIS = YES;
				CLANG_WARN_STRICT_PROTOTYPES = YES;
				CLANG_WARN_SUSPICIOUS_MOVE = YES;
				CLANG_WARN_UNGUARDED_AVAILABILITY = YES_AGGRESSIVE;
				CLANG_WARN_UNREACHABLE_CODE = YES;
				CLANG_WARN__DUPLICATE_METHOD_MATCH = YES;
				CODE_SIGN_IDENTITY = "iPhone Developer";
				COPY_PHASE_STRIP = NO;
				DEBUG_INFORMATION_FORMAT = "dwarf-with-dsym";
				ENABLE_NS_ASSERTIONS = NO;
				ENABLE_STRICT_OBJC_MSGSEND = YES;
				GCC_C_LANGUAGE_STANDARD = gnu11;
				GCC_NO_COMMON_BLOCKS = YES;
				GCC_WARN_64_TO_32_BIT_CONVERSION = YES;
				GCC_WARN_ABOUT_RETURN_TYPE = YES_ERROR;
				GCC_WARN_UNDECLARED_SELECTOR = YES;
				GCC_WARN_UNINITIALIZED_AUTOS = YES_AGGRESSIVE;
				GCC_WARN_UNUSED_FUNCTION = YES;
				GCC_WARN_UNUSED_VARIABLE = YES;
				IPHONEOS_DEPLOYMENT_TARGET = 11.1;
				MTL_ENABLE_DEBUG_INFO = NO;
				SDKROOT = iphoneos;
				SWIFT_OPTIMIZATION_LEVEL = "-Owholemodule";
				VALIDATE_PRODUCT = YES;
			};
			name = Release;
		};
		FBFF46161FB78B3F00EA412A /* Debug */ = {
			isa = XCBuildConfiguration;
			baseConfigurationReference = 1D0DDF2694DEC868DB9613C4 /* Pods-TumblrFeed.debug.xcconfig */;
			buildSettings = {
				ASSETCATALOG_COMPILER_APPICON_NAME = AppIcon;
				CODE_SIGN_STYLE = Automatic;
				INFOPLIST_FILE = TumblrFeed/Info.plist;
				LD_RUNPATH_SEARCH_PATHS = "$(inherited) @executable_path/Frameworks";
				PRODUCT_BUNDLE_IDENTIFIER = com.codepath.TumblrFeed;
				PRODUCT_NAME = "$(TARGET_NAME)";
				SWIFT_VERSION = 4.0;
				TARGETED_DEVICE_FAMILY = "1,2";
			};
			name = Debug;
		};
		FBFF46171FB78B3F00EA412A /* Release */ = {
			isa = XCBuildConfiguration;
			baseConfigurationReference = 6AB99EB204090967E8453F85 /* Pods-TumblrFeed.release.xcconfig */;
			buildSettings = {
				ASSETCATALOG_COMPILER_APPICON_NAME = AppIcon;
				CODE_SIGN_STYLE = Automatic;
				INFOPLIST_FILE = TumblrFeed/Info.plist;
				LD_RUNPATH_SEARCH_PATHS = "$(inherited) @executable_path/Frameworks";
				PRODUCT_BUNDLE_IDENTIFIER = com.codepath.TumblrFeed;
				PRODUCT_NAME = "$(TARGET_NAME)";
				SWIFT_VERSION = 4.0;
				TARGETED_DEVICE_FAMILY = "1,2";
			};
			name = Release;
		};
		FBFF46191FB78B3F00EA412A /* Debug */ = {
			isa = XCBuildConfiguration;
			buildSettings = {
				ALWAYS_EMBED_SWIFT_STANDARD_LIBRARIES = YES;
				BUNDLE_LOADER = "$(TEST_HOST)";
				CODE_SIGN_STYLE = Automatic;
				INFOPLIST_FILE = TumblrFeedTests/Info.plist;
				LD_RUNPATH_SEARCH_PATHS = "$(inherited) @executable_path/Frameworks @loader_path/Frameworks";
				PRODUCT_BUNDLE_IDENTIFIER = com.codepath.TumblrFeedTests;
				PRODUCT_NAME = "$(TARGET_NAME)";
				SWIFT_VERSION = 4.0;
				TARGETED_DEVICE_FAMILY = "1,2";
				TEST_HOST = "$(BUILT_PRODUCTS_DIR)/TumblrFeed.app/TumblrFeed";
			};
			name = Debug;
		};
		FBFF461A1FB78B3F00EA412A /* Release */ = {
			isa = XCBuildConfiguration;
			buildSettings = {
				ALWAYS_EMBED_SWIFT_STANDARD_LIBRARIES = YES;
				BUNDLE_LOADER = "$(TEST_HOST)";
				CODE_SIGN_STYLE = Automatic;
				INFOPLIST_FILE = TumblrFeedTests/Info.plist;
				LD_RUNPATH_SEARCH_PATHS = "$(inherited) @executable_path/Frameworks @loader_path/Frameworks";
				PRODUCT_BUNDLE_IDENTIFIER = com.codepath.TumblrFeedTests;
				PRODUCT_NAME = "$(TARGET_NAME)";
				SWIFT_VERSION = 4.0;
				TARGETED_DEVICE_FAMILY = "1,2";
				TEST_HOST = "$(BUILT_PRODUCTS_DIR)/TumblrFeed.app/TumblrFeed";
			};
			name = Release;
		};
		FBFF461C1FB78B3F00EA412A /* Debug */ = {
			isa = XCBuildConfiguration;
			buildSettings = {
				ALWAYS_EMBED_SWIFT_STANDARD_LIBRARIES = YES;
				CODE_SIGN_STYLE = Automatic;
				INFOPLIST_FILE = TumblrFeedUITests/Info.plist;
				LD_RUNPATH_SEARCH_PATHS = "$(inherited) @executable_path/Frameworks @loader_path/Frameworks";
				PRODUCT_BUNDLE_IDENTIFIER = com.codepath.TumblrFeedUITests;
				PRODUCT_NAME = "$(TARGET_NAME)";
				SWIFT_VERSION = 4.0;
				TARGETED_DEVICE_FAMILY = "1,2";
				TEST_TARGET_NAME = TumblrFeed;
			};
			name = Debug;
		};
		FBFF461D1FB78B3F00EA412A /* Release */ = {
			isa = XCBuildConfiguration;
			buildSettings = {
				ALWAYS_EMBED_SWIFT_STANDARD_LIBRARIES = YES;
				CODE_SIGN_STYLE = Automatic;
				INFOPLIST_FILE = TumblrFeedUITests/Info.plist;
				LD_RUNPATH_SEARCH_PATHS = "$(inherited) @executable_path/Frameworks @loader_path/Frameworks";
				PRODUCT_BUNDLE_IDENTIFIER = com.codepath.TumblrFeedUITests;
				PRODUCT_NAME = "$(TARGET_NAME)";
				SWIFT_VERSION = 4.0;
				TARGETED_DEVICE_FAMILY = "1,2";
				TEST_TARGET_NAME = TumblrFeed;
			};
			name = Release;
		};
/* End XCBuildConfiguration section */

/* Begin XCConfigurationList section */
		FBFF45E81FB78B3D00EA412A /* Build configuration list for PBXProject "TumblrFeed" */ = {
			isa = XCConfigurationList;
			buildConfigurations = (
				FBFF46131FB78B3F00EA412A /* Debug */,
				FBFF46141FB78B3F00EA412A /* Release */,
			);
			defaultConfigurationIsVisible = 0;
			defaultConfigurationName = Release;
		};
		FBFF46151FB78B3F00EA412A /* Build configuration list for PBXNativeTarget "TumblrFeed" */ = {
			isa = XCConfigurationList;
			buildConfigurations = (
				FBFF46161FB78B3F00EA412A /* Debug */,
				FBFF46171FB78B3F00EA412A /* Release */,
			);
			defaultConfigurationIsVisible = 0;
			defaultConfigurationName = Release;
		};
		FBFF46181FB78B3F00EA412A /* Build configuration list for PBXNativeTarget "TumblrFeedTests" */ = {
			isa = XCConfigurationList;
			buildConfigurations = (
				FBFF46191FB78B3F00EA412A /* Debug */,
				FBFF461A1FB78B3F00EA412A /* Release */,
			);
			defaultConfigurationIsVisible = 0;
			defaultConfigurationName = Release;
		};
		FBFF461B1FB78B3F00EA412A /* Build configuration list for PBXNativeTarget "TumblrFeedUITests" */ = {
			isa = XCConfigurationList;
			buildConfigurations = (
				FBFF461C1FB78B3F00EA412A /* Debug */,
				FBFF461D1FB78B3F00EA412A /* Release */,
			);
			defaultConfigurationIsVisible = 0;
			defaultConfigurationName = Release;
		};
/* End XCConfigurationList section */
	};
	rootObject = FBFF45E51FB78B3D00EA412A /* Project object */;
}
